
Microsoft Visual Studio Solution File, Format Version 12.00
# Visual Studio Version 17
VisualStudioVersion = 17.14.37411.7 d17.14
MinimumVisualStudioVersion = 10.0.40219.1
Project("{FAE04EC0-301F-11D3-BF4B-00C04F79EFBC}") = "AtkinsCalculator", "AtkinsCalculator\AtkinsCalculator.csproj", "{846C0E8B-C22B-407A-9F4B-14BD46FB1E4B}"
EndProject
Global
	GlobalSection(SolutionConfigurationPlatforms) = preSolution
		Debug|Any CPU = Debug|Any CPU
		Release|Any CPU = Release|Any CPU
	EndGlobalSection
	GlobalSection(ProjectConfigurationPlatforms) = postSolution
		{846C0E8B-C22B-407A-9F4B-14BD46FB1E4B}.Debug|Any CPU.ActiveCfg = Debug|Any CPU
		{846C0E8B-C22B-407A-9F4B-14BD46FB1E4B}.Debug|Any CPU.Build.0 = Debug|Any CPU
		{846C0E8B-C22B-407A-9F4B-14BD46FB1E4B}.Release|Any CPU.ActiveCfg = Release|Any CPU
		{846C0E8B-C22B-407A-9F4B-14BD46FB1E4B}.Release|Any CPU.Build.0 = Release|Any CPU
	EndGlobalSection
	GlobalSection(SolutionProperties) = preSolution
		HideSolutionNode = FALSE
	EndGlobalSection
	GlobalSection(ExtensibilityGlobals) = postSolution
		SolutionGuid = {D1C2B99E-ED38-4AFB-BD64-C13A7FD9BB8D}
	EndGlobalSection
EndGlobal
